
Microsoft Visual Studio Solution File, Format Version 12.00
# Visual Studio Version 17
VisualStudioVersion = 17.6.33829.357
MinimumVisualStudioVersion = 10.0.40219.1
Project("{8BC9CEB8-8B4A-11D0-8D11-00A0C91BC942}") = "5_Functions", "5_Functions\5_Functions.vcxproj", "{A64E6680-3614-4A3B-8602-82004B7BDDFC}"
EndProject
Global
	GlobalSection(SolutionConfigurationPlatforms) = preSolution
		Debug|x64 = Debug|x64
		Debug|x86 = Debug|x86
		Release|x64 = Release|x64
		Release|x86 = Release|x86
	EndGlobalSection
	GlobalSection(ProjectConfigurationPlatforms) = postSolution
		{A64E6680-3614-4A3B-8602-82004B7BDDFC}.Debug|x64.ActiveCfg = Debug|x64
		{A64E6680-3614-4A3B-8602-82004B7BDDFC}.Debug|x64.Build.0 = Debug|x64
		{A64E6680-3614-4A3B-8602-82004B7BDDFC}.Debug|x86.ActiveCfg = Debug|Win32
		{A64E6680-3614-4A3B-8602-82004B7BDDFC}.Debug|x86.Build.0 = Debug|Win32
		{A64E6680-3614-4A3B-8602-82004B7BDDFC}.Release|x64.ActiveCfg = Release|x64
		{A64E6680-3614-4A3B-8602-82004B7BDDFC}.Release|x64.Build.0 = Release|x64
		{A64E6680-3614-4A3B-8602-82004B7BDDFC}.Release|x86.ActiveCfg = Release|Win32
		{A64E6680-3614-4A3B-8602-82004B7BDDFC}.Release|x86.Build.0 = Release|Win32
	EndGlobalSection
	GlobalSection(SolutionProperties) = preSolution
		HideSolutionNode = FALSE
	EndGlobalSection
	GlobalSection(ExtensibilityGlobals) = postSolution
		SolutionGuid = {952C4BB2-8958-4E8B-9250-3E1527A440DF}
	EndGlobalSection
EndGlobal
